
Microsoft Visual Studio Solution File, Format Version 12.00
# Visual Studio Version 17
VisualStudioVersion = 17.10.35027.167
MinimumVisualStudioVersion = 10.0.40219.1
Project("{FAE04EC0-301F-11D3-BF4B-00C04F79EFBC}") = "Pratik - İlk Uygulamam", "Pratik - İlk Uygulamam\Pratik - İlk Uygulamam.csproj", "{49EDB9F9-057B-4880-872E-7C20EA761A55}"
EndProject
Global
	GlobalSection(SolutionConfigurationPlatforms) = preSolution
		Debug|Any CPU = Debug|Any CPU
		Release|Any CPU = Release|Any CPU
	EndGlobalSection
	GlobalSection(ProjectConfigurationPlatforms) = postSolution
		{49EDB9F9-057B-4880-872E-7C20EA761A55}.Debug|Any CPU.ActiveCfg = Debug|Any CPU
		{49EDB9F9-057B-4880-872E-7C20EA761A55}.Debug|Any CPU.Build.0 = Debug|Any CPU
		{49EDB9F9-057B-4880-872E-7C20EA761A55}.Release|Any CPU.ActiveCfg = Release|Any CPU
		{49EDB9F9-057B-4880-872E-7C20EA761A55}.Release|Any CPU.Build.0 = Release|Any CPU
	EndGlobalSection
	GlobalSection(SolutionProperties) = preSolution
		HideSolutionNode = FALSE
	EndGlobalSection
	GlobalSection(ExtensibilityGlobals) = postSolution
		SolutionGuid = {48132FEE-F03E-4B5C-A490-7C358649E135}
	EndGlobalSection
EndGlobal
